{
  "version": 4,
  "terraform_version": "1.15.2",
  "serial": 5,
  "lineage": "c7b4b50d-8c52-e2d1-9a17-5f68351a48f2",
  "outputs": {
    "vm_ip": {
      "value": "172.20.65.8",
      "type": "string"
    },
    "vm_name": {
      "value": "Test2025vm",
      "type": "string"
    }
  },
  "resources": [
    {
      "mode": "data",
      "type": "vsphere_compute_cluster",
      "name": "cluster",
      "provider": "provider[\"registry.terraform.io/hashicorp/vsphere\"]",
      "instances": [
        {
          "schema_version": 0,
          "attributes": {
            "datacenter_id": "datacenter-3",
            "id": "domain-c8",
            "name": "LAB Cluster",
            "resource_pool_id": "resgroup-9"
          },
          "sensitive_attributes": [],
          "identity_schema_version": 0
        }
      ]
    },
    {
      "mode": "data",
      "type": "vsphere_datacenter",
      "name": "dc",
      "provider": "provider[\"registry.terraform.io/hashicorp/vsphere\"]",
      "instances": [
        {
          "schema_version": 0,
          "attributes": {
            "id": "datacenter-3",
            "name": "LAB Datacenter",
            "virtual_machines": [
              "Do Not Start - EXPIIS-Test",
              "EXPIIS56",
              "LAB24V10G0001-AD",
              "LAB26V1100000 - COTS Test Client",
              "LABLOG50",
              "LABLOG51",
              "LABNDC60",
              "LABNDC61",
              "LABNFS50",
              "LABOCP50",
              "LABRDC60",
              "LABTSTDAVID",
              "LABTest Server",
              "LABVAR50",
              "LABVCA50",
              "Nasuni_Test_From_Template_Lab",
              "Test2025ServerTemplate",
              "TestAWXVM",
              "Veeam-One Test"
            ]
          },
          "sensitive_attributes": [],
          "identity_schema_version": 0
        }
      ]
    },
    {
      "mode": "data",
      "type": "vsphere_datastore",
      "name": "datastore",
      "provider": "provider[\"registry.terraform.io/hashicorp/vsphere\"]",
      "instances": [
        {
          "schema_version": 0,
          "attributes": {
            "datacenter_id": "datacenter-3",
            "id": "datastore-16",
            "name": "LABVMW_DATASTORE",
            "stats": {
              "capacity": "11518028546048",
              "free": "8460604276736"
            }
          },
          "sensitive_attributes": [],
          "identity_schema_version": 0
        }
      ]
    },
    {
      "mode": "data",
      "type": "vsphere_network",
      "name": "network",
      "provider": "provider[\"registry.terraform.io/hashicorp/vsphere\"]",
      "instances": [
        {
          "schema_version": 0,
          "attributes": {
            "datacenter_id": "datacenter-3",
            "distributed_virtual_switch_uuid": null,
            "filter": null,
            "id": "network-17",
            "name": "LABServerPortGroup",
            "retry_interval": 500,
            "retry_timeout": 0,
            "type": "Network"
          },
          "sensitive_attributes": [],
          "identity_schema_version": 0
        }
      ]
    },
    {
      "mode": "data",
      "type": "vsphere_virtual_machine",
      "name": "template",
      "provider": "provider[\"registry.terraform.io/hashicorp/vsphere\"]",
      "instances": [
        {
          "schema_version": 0,
          "attributes": {
            "alternate_guest_name": "",
            "annotation": "",
            "boot_delay": 0,
            "boot_retry_delay": 10000,
            "boot_retry_enabled": false,
            "change_version": "2026-05-28T17:00:57.46074Z",
            "cpu_hot_add_enabled": false,
            "cpu_hot_remove_enabled": false,
            "cpu_limit": -1,
            "cpu_performance_counters_enabled": false,
            "cpu_reservation": 0,
            "cpu_share_count": 2000,
            "cpu_share_level": "normal",
            "datacenter_id": "datacenter-3",
            "default_ip_address": null,
            "disks": [
              {
                "eagerly_scrub": false,
                "label": "Hard disk 1",
                "size": 160,
                "thin_provisioned": false,
                "unit_number": 0
              }
            ],
            "efi_secure_boot_enabled": true,
            "enable_disk_uuid": true,
            "enable_logging": true,
            "ept_rvi_mode": "",
            "extra_config": {},
            "extra_config_reboot_required": true,
            "firmware": "efi",
            "folder": null,
            "guest_id": "windows2022srvNext_64Guest",
            "guest_ip_addresses": [],
            "hardware_version": 21,
            "hv_mode": "",
            "id": "420b9c5f-d6d5-781b-9f89-2fafa824fc89",
            "ide_controller_scan_count": 2,
            "instance_uuid": "500b9c27-460a-7da8-0815-0aa25331589f",
            "latency_sensitivity": "normal",
            "memory": 8192,
            "memory_hot_add_enabled": false,
            "memory_limit": -1,
            "memory_reservation": 160,
            "memory_reservation_locked_to_max": false,
            "memory_share_count": 81920,
            "memory_share_level": "normal",
            "moid": "vm-82075",
            "name": "Test2025ServerTemplate",
            "nested_hv_enabled": false,
            "network_interface_types": [
              "vmxnet3"
            ],
            "network_interfaces": [
              {
                "adapter_type": "vmxnet3",
                "bandwidth_limit": -1,
                "bandwidth_reservation": 0,
                "bandwidth_share_count": 50,
                "bandwidth_share_level": "normal",
                "mac_address": "00:50:56:8b:e1:57",
                "network_id": "network-17",
                "physical_function": ""
              }
            ],
            "num_cores_per_socket": 1,
            "num_cpus": 2,
            "nvme_controller_scan_count": 1,
            "replace_trigger": null,
            "run_tools_scripts_after_power_on": true,
            "run_tools_scripts_after_resume": true,
            "run_tools_scripts_before_guest_reboot": false,
            "run_tools_scripts_before_guest_shutdown": true,
            "run_tools_scripts_before_guest_standby": true,
            "sata_controller_scan_count": 0,
            "scsi_bus_sharing": "noSharing",
            "scsi_controller_scan_count": 1,
            "scsi_type": "pvscsi",
            "storage_policy_id": null,
            "swap_placement_policy": "inherit",
            "sync_time_with_host": true,
            "sync_time_with_host_periodically": false,
            "tools_upgrade_policy": "manual",
            "uuid": "420b9c5f-d6d5-781b-9f89-2fafa824fc89",
            "vapp": null,
            "vapp_transport": [],
            "vbs_enabled": false,
            "vtpm": false,
            "vvtd_enabled": false
          },
          "sensitive_attributes": [],
          "identity_schema_version": 0
        }
      ]
    },
    {
      "mode": "managed",
      "type": "vsphere_virtual_machine",
      "name": "vm",
      "provider": "provider[\"registry.terraform.io/hashicorp/vsphere\"]",
      "instances": [
        {
          "schema_version": 3,
          "attributes": {
            "alternate_guest_name": "",
            "annotation": "",
            "boot_delay": 0,
            "boot_retry_delay": 10000,
            "boot_retry_enabled": false,
            "cdrom": [],
            "change_version": "2026-05-28T21:11:02.632926Z",
            "clone": [
              {
                "customization_spec": [],
                "customize": [],
                "linked_clone": false,
                "ovf_network_map": null,
                "ovf_storage_map": null,
                "template_uuid": "420b9c5f-d6d5-781b-9f89-2fafa824fc89",
                "timeout": 30
              }
            ],
            "cpu_hot_add_enabled": false,
            "cpu_hot_remove_enabled": false,
            "cpu_limit": -1,
            "cpu_performance_counters_enabled": false,
            "cpu_reservation": 0,
            "cpu_share_count": 2000,
            "cpu_share_level": "normal",
            "custom_attributes": null,
            "datacenter_id": null,
            "datastore_cluster_id": null,
            "datastore_id": "datastore-16",
            "default_ip_address": "172.20.65.8",
            "disk": [
              {
                "attach": false,
                "controller_type": "scsi",
                "datastore_id": "datastore-16",
                "device_address": "scsi:0:0",
                "disk_mode": "persistent",
                "disk_sharing": "sharingNone",
                "eagerly_scrub": false,
                "io_limit": -1,
                "io_reservation": 0,
                "io_share_count": 1000,
                "io_share_level": "normal",
                "keep_on_remove": false,
                "key": 2000,
                "label": "disk0",
                "path": "Test2025vm/Test2025vm.vmdk",
                "size": 160,
                "storage_policy_id": "",
                "thin_provisioned": true,
                "unit_number": 0,
                "uuid": "6000C29f-3d0d-1233-2335-c6ce4f4516d4",
                "write_through": false
              }
            ],
            "efi_secure_boot_enabled": true,
            "enable_disk_uuid": false,
            "enable_logging": false,
            "ept_rvi_mode": "",
            "extra_config": null,
            "extra_config_reboot_required": true,
            "firmware": "efi",
            "folder": "",
            "force_power_off": true,
            "guest_id": "windows2022srvNext_64Guest",
            "guest_ip_addresses": [
              "172.20.65.8",
              "fe80::5da9:5788:d03d:e8e4"
            ],
            "hardware_version": 21,
            "host_system_id": "host-12",
            "hv_mode": "",
            "id": "420b2f96-639e-327e-12f1-c1ef5922ce77",
            "ide_controller_count": 2,
            "ignored_guest_ips": null,
            "imported": null,
            "latency_sensitivity": "normal",
            "memory": 4096,
            "memory_hot_add_enabled": false,
            "memory_limit": -1,
            "memory_reservation": 0,
            "memory_reservation_locked_to_max": false,
            "memory_share_count": 40960,
            "memory_share_level": "normal",
            "migrate_wait_timeout": 30,
            "moid": "vm-82078",
            "name": "Test2025vm",
            "nested_hv_enabled": false,
            "network_interface": [
              {
                "adapter_type": "vmxnet3",
                "bandwidth_limit": -1,
                "bandwidth_reservation": 0,
                "bandwidth_share_count": 50,
                "bandwidth_share_level": "normal",
                "device_address": "pci:0:7",
                "key": 4000,
                "mac_address": "00:50:56:8b:6a:89",
                "network_id": "network-17",
                "ovf_mapping": "",
                "physical_function": "",
                "use_static_mac": false
              }
            ],
            "num_cores_per_socket": 1,
            "num_cpus": 2,
            "nvme_controller_count": 0,
            "ovf_deploy": [],
            "pci_device_id": null,
            "power_state": "on",
            "poweron_timeout": 300,
            "reboot_required": false,
            "replace_trigger": null,
            "resource_pool_id": "resgroup-9",
            "run_tools_scripts_after_power_on": true,
            "run_tools_scripts_after_resume": true,
            "run_tools_scripts_before_guest_reboot": false,
            "run_tools_scripts_before_guest_shutdown": true,
            "run_tools_scripts_before_guest_standby": true,
            "sata_controller_count": 0,
            "scsi_bus_sharing": "noSharing",
            "scsi_controller_count": 1,
            "scsi_type": "pvscsi",
            "shutdown_wait_timeout": 3,
            "storage_policy_id": "",
            "swap_placement_policy": "inherit",
            "sync_time_with_host": true,
            "sync_time_with_host_periodically": false,
            "tags": null,
            "tools_upgrade_policy": "manual",
            "uuid": "420b2f96-639e-327e-12f1-c1ef5922ce77",
            "vapp": [],
            "vapp_transport": [],
            "vbs_enabled": false,
            "vmware_tools_status": "guestToolsRunning",
            "vmx_path": "Test2025vm/Test2025vm.vmx",
            "vtpm": [],
            "vvtd_enabled": false,
            "wait_for_guest_ip_timeout": 0,
            "wait_for_guest_net_routable": true,
            "wait_for_guest_net_timeout": 5
          },
          "sensitive_attributes": [],
          "identity_schema_version": 0,
          "private": "eyJzY2hlbWFfdmVyc2lvbiI6IjMifQ==",
          "dependencies": [
            "data.vsphere_compute_cluster.cluster",
            "data.vsphere_datacenter.dc",
            "data.vsphere_datastore.datastore",
            "data.vsphere_network.network",
            "data.vsphere_virtual_machine.template"
          ]
        }
      ]
    }
  ],
  "check_results": null
}
